
Microsoft Visual Studio Solution File, Format Version 12.00
# Visual Studio 15
VisualStudioVersion = 15.0.27130.2020
MinimumVisualStudioVersion = 10.0.40219.1
Project("{FAE04EC0-301F-11D3-BF4B-00C04F79EFBC}") = "Rot13", "Rot13\Rot13.csproj", "{D6C52B69-D306-483B-BF7A-0C9933EFE501}"
EndProject
Global
	GlobalSection(SolutionConfigurationPlatforms) = preSolution
		Debug|Any CPU = Debug|Any CPU
		Release|Any CPU = Release|Any CPU
	EndGlobalSection
	GlobalSection(ProjectConfigurationPlatforms) = postSolution
		{D6C52B69-D306-483B-BF7A-0C9933EFE501}.Debug|Any CPU.ActiveCfg = Debug|Any CPU
		{D6C52B69-D306-483B-BF7A-0C9933EFE501}.Debug|Any CPU.Build.0 = Debug|Any CPU
		{D6C52B69-D306-483B-BF7A-0C9933EFE501}.Release|Any CPU.ActiveCfg = Release|Any CPU
		{D6C52B69-D306-483B-BF7A-0C9933EFE501}.Release|Any CPU.Build.0 = Release|Any CPU
	EndGlobalSection
	GlobalSection(SolutionProperties) = preSolution
		HideSolutionNode = FALSE
	EndGlobalSection
	GlobalSection(ExtensibilityGlobals) = postSolution
		SolutionGuid = {2CF940E7-55BA-49A2-B162-A627DD7AE1BE}
	EndGlobalSection
EndGlobal
