
Microsoft Visual Studio Solution File, Format Version 12.00
# Visual Studio 15
VisualStudioVersion = 15.0.27130.2020
MinimumVisualStudioVersion = 10.0.40219.1
Project("{FAE04EC0-301F-11D3-BF4B-00C04F79EFBC}") = "HWGetMiddleCharacter", "HWGetMiddleCharacter\HWGetMiddleCharacter.csproj", "{48862934-C2F7-4F05-A3AE-87FB613BE3F2}"
EndProject
Global
	GlobalSection(SolutionConfigurationPlatforms) = preSolution
		Debug|Any CPU = Debug|Any CPU
		Release|Any CPU = Release|Any CPU
	EndGlobalSection
	GlobalSection(ProjectConfigurationPlatforms) = postSolution
		{48862934-C2F7-4F05-A3AE-87FB613BE3F2}.Debug|Any CPU.ActiveCfg = Debug|Any CPU
		{48862934-C2F7-4F05-A3AE-87FB613BE3F2}.Debug|Any CPU.Build.0 = Debug|Any CPU
		{48862934-C2F7-4F05-A3AE-87FB613BE3F2}.Release|Any CPU.ActiveCfg = Release|Any CPU
		{48862934-C2F7-4F05-A3AE-87FB613BE3F2}.Release|Any CPU.Build.0 = Release|Any CPU
	EndGlobalSection
	GlobalSection(SolutionProperties) = preSolution
		HideSolutionNode = FALSE
	EndGlobalSection
	GlobalSection(ExtensibilityGlobals) = postSolution
		SolutionGuid = {29E714DC-648D-4D37-96FB-24C44960601B}
	EndGlobalSection
EndGlobal
