
Microsoft Visual Studio Solution File, Format Version 12.00
# Visual Studio 15
VisualStudioVersion = 15.0.27130.2020
MinimumVisualStudioVersion = 10.0.40219.1
Project("{FAE04EC0-301F-11D3-BF4B-00C04F79EFBC}") = "HWDigitalCypher", "HWDigitalCypher\HWDigitalCypher.csproj", "{A32F7B74-0F26-4ED8-AEB7-7D461D385204}"
EndProject
Global
	GlobalSection(SolutionConfigurationPlatforms) = preSolution
		Debug|Any CPU = Debug|Any CPU
		Release|Any CPU = Release|Any CPU
	EndGlobalSection
	GlobalSection(ProjectConfigurationPlatforms) = postSolution
		{A32F7B74-0F26-4ED8-AEB7-7D461D385204}.Debug|Any CPU.ActiveCfg = Debug|Any CPU
		{A32F7B74-0F26-4ED8-AEB7-7D461D385204}.Debug|Any CPU.Build.0 = Debug|Any CPU
		{A32F7B74-0F26-4ED8-AEB7-7D461D385204}.Release|Any CPU.ActiveCfg = Release|Any CPU
		{A32F7B74-0F26-4ED8-AEB7-7D461D385204}.Release|Any CPU.Build.0 = Release|Any CPU
	EndGlobalSection
	GlobalSection(SolutionProperties) = preSolution
		HideSolutionNode = FALSE
	EndGlobalSection
	GlobalSection(ExtensibilityGlobals) = postSolution
		SolutionGuid = {B820AF4E-294B-4141-85FD-5C33DA648E04}
	EndGlobalSection
EndGlobal
